// !$*UTF8*$!
{
	archiveVersion = 1;
	classes = {
	};
	objectVersion = 51;
	objects = {

/* Begin PBXBuildFile section */
		503E47FC2722FCC600FE9FC4 /* MainHeadViewController.swift in Sources */ = {isa = PBXBuildFile; fileRef = 503E47FB2722FCC600FE9FC4 /* MainHeadViewController.swift */; };
		5048A23C2722EBC2005B346D /* AppDelegate.swift in Sources */ = {isa = PBXBuildFile; fileRef = 5048A23B2722EBC2005B346D /* AppDelegate.swift */; };
		5048A23E2722EBC2005B346D /* SceneDelegate.swift in Sources */ = {isa = PBXBuildFile; fileRef = 5048A23D2722EBC2005B346D /* SceneDelegate.swift */; };
		5048A2402722EBC2005B346D /* LoginViewController.swift in Sources */ = {isa = PBXBuildFile; fileRef = 5048A23F2722EBC2005B346D /* LoginViewController.swift */; };
		5048A2432722EBC2005B346D /* Main.storyboard in Resources */ = {isa = PBXBuildFile; fileRef = 5048A2412722EBC2005B346D /* Main.storyboard */; };
		5048A2452722EBC9005B346D /* Assets.xcassets in Resources */ = {isa = PBXBuildFile; fileRef = 5048A2442722EBC9005B346D /* Assets.xcassets */; };
		5048A2482722EBC9005B346D /* LaunchScreen.storyboard in Resources */ = {isa = PBXBuildFile; fileRef = 5048A2462722EBC9005B346D /* LaunchScreen.storyboard */; };
		5048A2512722EE4A005B346D /* UILabel.swift in Sources */ = {isa = PBXBuildFile; fileRef = 5048A2502722EE4A005B346D /* UILabel.swift */; };
		5048A2532722EE5C005B346D /* UIFont.swift in Sources */ = {isa = PBXBuildFile; fileRef = 5048A2522722EE5C005B346D /* UIFont.swift */; };
		5048A2552722EE79005B346D /* UITextField.swift in Sources */ = {isa = PBXBuildFile; fileRef = 5048A2542722EE79005B346D /* UITextField.swift */; };
		5048A25A2722EED0005B346D /* UsersTableViewController.swift in Sources */ = {isa = PBXBuildFile; fileRef = 5048A2592722EED0005B346D /* UsersTableViewController.swift */; };
		5048A25F2722EF47005B346D /* UsersTableViewCell.swift in Sources */ = {isa = PBXBuildFile; fileRef = 5048A25E2722EF47005B346D /* UsersTableViewCell.swift */; };
		D8CD982C67011A6364FF12BF /* Pods_KeyChainTestTask.framework in Frameworks */ = {isa = PBXBuildFile; fileRef = BA441A1BCE4D19F0CD8D15AE /* Pods_KeyChainTestTask.framework */; };
/* End PBXBuildFile section */

/* Begin PBXFileReference section */
		1F3EA951E17356923A68B4A8 /* Pods-KeyChainTestTask.debug.xcconfig */ = {isa = PBXFileReference; includeInIndex = 1; lastKnownFileType = text.xcconfig; name = "Pods-KeyChainTestTask.debug.xcconfig"; path = "Target Support Files/Pods-KeyChainTestTask/Pods-KeyChainTestTask.debug.xcconfig"; sourceTree = "<group>"; };
		503E47FB2722FCC600FE9FC4 /* MainHeadViewController.swift */ = {isa = PBXFileReference; lastKnownFileType = sourcecode.swift; path = MainHeadViewController.swift; sourceTree = "<group>"; };
		5048A2382722EBC2005B346D /* KeyChainTestTask.app */ = {isa = PBXFileReference; explicitFileType = wrapper.application; includeInIndex = 0; path = KeyChainTestTask.app; sourceTree = BUILT_PRODUCTS_DIR; };
		5048A23B2722EBC2005B346D /* AppDelegate.swift */ = {isa = PBXFileReference; lastKnownFileType = sourcecode.swift; path = AppDelegate.swift; sourceTree = "<group>"; };
		5048A23D2722EBC2005B346D /* SceneDelegate.swift */ = {isa = PBXFileReference; lastKnownFileType = sourcecode.swift; path = SceneDelegate.swift; sourceTree = "<group>"; };
		5048A23F2722EBC2005B346D /* LoginViewController.swift */ = {isa = PBXFileReference; lastKnownFileType = sourcecode.swift; path = LoginViewController.swift; sourceTree = "<group>"; };
		5048A2422722EBC2005B346D /* Base */ = {isa = PBXFileReference; lastKnownFileType = file.storyboard; name = Base; path = Base.lproj/Main.storyboard; sourceTree = "<group>"; };
		5048A2442722EBC9005B346D /* Assets.xcassets */ = {isa = PBXFileReference; lastKnownFileType = folder.assetcatalog; path = Assets.xcassets; sourceTree = "<group>"; };
		5048A2472722EBC9005B346D /* Base */ = {isa = PBXFileReference; lastKnownFileType = file.storyboard; name = Base; path = Base.lproj/LaunchScreen.storyboard; sourceTree = "<group>"; };
		5048A2492722EBC9005B346D /* Info.plist */ = {isa = PBXFileReference; lastKnownFileType = text.plist.xml; path = Info.plist; sourceTree = "<group>"; };
		5048A2502722EE4A005B346D /* UILabel.swift */ = {isa = PBXFileReference; lastKnownFileType = sourcecode.swift; path = UILabel.swift; sourceTree = "<group>"; };
		5048A2522722EE5C005B346D /* UIFont.swift */ = {isa = PBXFileReference; lastKnownFileType = sourcecode.swift; path = UIFont.swift; sourceTree = "<group>"; };
		5048A2542722EE79005B346D /* UITextField.swift */ = {isa = PBXFileReference; lastKnownFileType = sourcecode.swift; path = UITextField.swift; sourceTree = "<group>"; };
		5048A2592722EED0005B346D /* UsersTableViewController.swift */ = {isa = PBXFileReference; lastKnownFileType = sourcecode.swift; path = UsersTableViewController.swift; sourceTree = "<group>"; };
		5048A25E2722EF47005B346D /* UsersTableViewCell.swift */ = {isa = PBXFileReference; lastKnownFileType = sourcecode.swift; path = UsersTableViewCell.swift; sourceTree = "<group>"; };
		BA441A1BCE4D19F0CD8D15AE /* Pods_KeyChainTestTask.framework */ = {isa = PBXFileReference; explicitFileType = wrapper.framework; includeInIndex = 0; path = Pods_KeyChainTestTask.framework; sourceTree = BUILT_PRODUCTS_DIR; };
		F2DC11BBFFEC79E6217ADC45 /* Pods-KeyChainTestTask.release.xcconfig */ = {isa = PBXFileReference; includeInIndex = 1; lastKnownFileType = text.xcconfig; name = "Pods-KeyChainTestTask.release.xcconfig"; path = "Target Support Files/Pods-KeyChainTestTask/Pods-KeyChainTestTask.release.xcconfig"; sourceTree = "<group>"; };
/* End PBXFileReference section */

/* Begin PBXFrameworksBuildPhase section */
		5048A2352722EBC2005B346D /* Frameworks */ = {
			isa = PBXFrameworksBuildPhase;
			buildActionMask = 2147483647;
			files = (
				D8CD982C67011A6364FF12BF /* Pods_KeyChainTestTask.framework in Frameworks */,
			);
			runOnlyForDeploymentPostprocessing = 0;
		};
/* End PBXFrameworksBuildPhase section */

/* Begin PBXGroup section */
		02D4C276B39CFF3C3AA22F13 /* Pods */ = {
			isa = PBXGroup;
			children = (
				1F3EA951E17356923A68B4A8 /* Pods-KeyChainTestTask.debug.xcconfig */,
				F2DC11BBFFEC79E6217ADC45 /* Pods-KeyChainTestTask.release.xcconfig */,
			);
			path = Pods;
			sourceTree = "<group>";
		};
		5048A22F2722EBC1005B346D = {
			isa = PBXGroup;
			children = (
				5048A23A2722EBC2005B346D /* KeyChainTestTask */,
				5048A2392722EBC2005B346D /* Products */,
				02D4C276B39CFF3C3AA22F13 /* Pods */,
				E2D282772D054458DADE5873 /* Frameworks */,
			);
			sourceTree = "<group>";
		};
		5048A2392722EBC2005B346D /* Products */ = {
			isa = PBXGroup;
			children = (
				5048A2382722EBC2005B346D /* KeyChainTestTask.app */,
			);
			name = Products;
			sourceTree = "<group>";
		};
		5048A23A2722EBC2005B346D /* KeyChainTestTask */ = {
			isa = PBXGroup;
			children = (
				5048A2602722EF69005B346D /* Application */,
				5048A2562722EEB0005B346D /* Controllers */,
				5048A25B2722EF35005B346D /* Model */,
				5048A2412722EBC2005B346D /* Main.storyboard */,
				5048A24F2722EE3B005B346D /* Extension */,
				5048A2612722EF81005B346D /* Resources */,
			);
			path = KeyChainTestTask;
			sourceTree = "<group>";
		};
		5048A24F2722EE3B005B346D /* Extension */ = {
			isa = PBXGroup;
			children = (
				5048A2502722EE4A005B346D /* UILabel.swift */,
				5048A2522722EE5C005B346D /* UIFont.swift */,
				5048A2542722EE79005B346D /* UITextField.swift */,
			);
			path = Extension;
			sourceTree = "<group>";
		};
		5048A2562722EEB0005B346D /* Controllers */ = {
			isa = PBXGroup;
			children = (
				5048A23F2722EBC2005B346D /* LoginViewController.swift */,
				5048A2592722EED0005B346D /* UsersTableViewController.swift */,
				503E47FB2722FCC600FE9FC4 /* MainHeadViewController.swift */,
			);
			path = Controllers;
			sourceTree = "<group>";
		};
		5048A25B2722EF35005B346D /* Model */ = {
			isa = PBXGroup;
			children = (
				5048A25D2722EF3E005B346D /* Alert */,
				5048A25C2722EF3A005B346D /* Cell */,
			);
			path = Model;
			sourceTree = "<group>";
		};
		5048A25C2722EF3A005B346D /* Cell */ = {
			isa = PBXGroup;
			children = (
				5048A25E2722EF47005B346D /* UsersTableViewCell.swift */,
			);
			path = Cell;
			sourceTree = "<group>";
		};
		5048A25D2722EF3E005B346D /* Alert */ = {
			isa = PBXGroup;
			children = (
			);
			path = Alert;
			sourceTree = "<group>";
		};
		5048A2602722EF69005B346D /* Application */ = {
			isa = PBXGroup;
			children = (
				5048A23B2722EBC2005B346D /* AppDelegate.swift */,
				5048A23D2722EBC2005B346D /* SceneDelegate.swift */,
			);
			path = Application;
			sourceTree = "<group>";
		};
		5048A2612722EF81005B346D /* Resources */ = {
			isa = PBXGroup;
			children = (
				5048A2492722EBC9005B346D /* Info.plist */,
				5048A2442722EBC9005B346D /* Assets.xcassets */,
				5048A2462722EBC9005B346D /* LaunchScreen.storyboard */,
			);
			path = Resources;
			sourceTree = "<group>";
		};
		E2D282772D054458DADE5873 /* Frameworks */ = {
			isa = PBXGroup;
			children = (
				BA441A1BCE4D19F0CD8D15AE /* Pods_KeyChainTestTask.framework */,
			);
			name = Frameworks;
			sourceTree = "<group>";
		};
/* End PBXGroup section */

/* Begin PBXNativeTarget section */
		5048A2372722EBC2005B346D /* KeyChainTestTask */ = {
			isa = PBXNativeTarget;
			buildConfigurationList = 5048A24C2722EBC9005B346D /* Build configuration list for PBXNativeTarget "KeyChainTestTask" */;
			buildPhases = (
				A777F3DB451CEE0DD2498499 /* [CP] Check Pods Manifest.lock */,
				5048A2342722EBC2005B346D /* Sources */,
				5048A2352722EBC2005B346D /* Frameworks */,
				5048A2362722EBC2005B346D /* Resources */,
				57E857BE5E64FD7E37B82F14 /* [CP] Embed Pods Frameworks */,
			);
			buildRules = (
			);
			dependencies = (
			);
			name = KeyChainTestTask;
			productName = KeyChainTestTask;
			productReference = 5048A2382722EBC2005B346D /* KeyChainTestTask.app */;
			productType = "com.apple.product-type.application";
		};
/* End PBXNativeTarget section */

/* Begin PBXProject section */
		5048A2302722EBC2005B346D /* Project object */ = {
			isa = PBXProject;
			attributes = {
				LastSwiftUpdateCheck = 1250;
				LastUpgradeCheck = 1250;
				TargetAttributes = {
					5048A2372722EBC2005B346D = {
						CreatedOnToolsVersion = 12.5;
					};
				};
			};
			buildConfigurationList = 5048A2332722EBC2005B346D /* Build configuration list for PBXProject "KeyChainTestTask" */;
			compatibilityVersion = "Xcode 9.3";
			developmentRegion = en;
			hasScannedForEncodings = 0;
			knownRegions = (
				en,
				Base,
			);
			mainGroup = 5048A22F2722EBC1005B346D;
			productRefGroup = 5048A2392722EBC2005B346D /* Products */;
			projectDirPath = "";
			projectRoot = "";
			targets = (
				5048A2372722EBC2005B346D /* KeyChainTestTask */,
			);
		};
/* End PBXProject section */

/* Begin PBXResourcesBuildPhase section */
		5048A2362722EBC2005B346D /* Resources */ = {
			isa = PBXResourcesBuildPhase;
			buildActionMask = 2147483647;
			files = (
				5048A2482722EBC9005B346D /* LaunchScreen.storyboard in Resources */,
				5048A2452722EBC9005B346D /* Assets.xcassets in Resources */,
				5048A2432722EBC2005B346D /* Main.storyboard in Resources */,
			);
			runOnlyForDeploymentPostprocessing = 0;
		};
/* End PBXResourcesBuildPhase section */

/* Begin PBXShellScriptBuildPhase section */
		57E857BE5E64FD7E37B82F14 /* [CP] Embed Pods Frameworks */ = {
			isa = PBXShellScriptBuildPhase;
			buildActionMask = 2147483647;
			files = (
			);
			inputFileListPaths = (
				"${PODS_ROOT}/Target Support Files/Pods-KeyChainTestTask/Pods-KeyChainTestTask-frameworks-${CONFIGURATION}-input-files.xcfilelist",
			);
			name = "[CP] Embed Pods Frameworks";
			outputFileListPaths = (
				"${PODS_ROOT}/Target Support Files/Pods-KeyChainTestTask/Pods-KeyChainTestTask-frameworks-${CONFIGURATION}-output-files.xcfilelist",
			);
			runOnlyForDeploymentPostprocessing = 0;
			shellPath = /bin/sh;
			shellScript = "\"${PODS_ROOT}/Target Support Files/Pods-KeyChainTestTask/Pods-KeyChainTestTask-frameworks.sh\"\n";
			showEnvVarsInLog = 0;
		};
		A777F3DB451CEE0DD2498499 /* [CP] Check Pods Manifest.lock */ = {
			isa = PBXShellScriptBuildPhase;
			buildActionMask = 2147483647;
			files = (
			);
			inputFileListPaths = (
			);
			inputPaths = (
				"${PODS_PODFILE_DIR_PATH}/Podfile.lock",
				"${PODS_ROOT}/Manifest.lock",
			);
			name = "[CP] Check Pods Manifest.lock";
			outputFileListPaths = (
			);
			outputPaths = (
				"$(DERIVED_FILE_DIR)/Pods-KeyChainTestTask-checkManifestLockResult.txt",
			);
			runOnlyForDeploymentPostprocessing = 0;
			shellPath = /bin/sh;
			shellScript = "diff \"${PODS_PODFILE_DIR_PATH}/Podfile.lock\" \"${PODS_ROOT}/Manifest.lock\" > /dev/null\nif [ $? != 0 ] ; then\n    # print error to STDERR\n    echo \"error: The sandbox is not in sync with the Podfile.lock. Run 'pod install' or update your CocoaPods installation.\" >&2\n    exit 1\nfi\n# This output is used by Xcode 'outputs' to avoid re-running this script phase.\necho \"SUCCESS\" > \"${SCRIPT_OUTPUT_FILE_0}\"\n";
			showEnvVarsInLog = 0;
		};
/* End PBXShellScriptBuildPhase section */

/* Begin PBXSourcesBuildPhase section */
		5048A2342722EBC2005B346D /* Sources */ = {
			isa = PBXSourcesBuildPhase;
			buildActionMask = 2147483647;
			files = (
				5048A25F2722EF47005B346D /* UsersTableViewCell.swift in Sources */,
				5048A25A2722EED0005B346D /* UsersTableViewController.swift in Sources */,
				5048A2402722EBC2005B346D /* LoginViewController.swift in Sources */,
				5048A23C2722EBC2005B346D /* AppDelegate.swift in Sources */,
				5048A2512722EE4A005B346D /* UILabel.swift in Sources */,
				503E47FC2722FCC600FE9FC4 /* MainHeadViewController.swift in Sources */,
				5048A2532722EE5C005B346D /* UIFont.swift in Sources */,
				5048A23E2722EBC2005B346D /* SceneDelegate.swift in Sources */,
				5048A2552722EE79005B346D /* UITextField.swift in Sources */,
			);
			runOnlyForDeploymentPostprocessing = 0;
		};
/* End PBXSourcesBuildPhase section */

/* Begin PBXVariantGroup section */
		5048A2412722EBC2005B346D /* Main.storyboard */ = {
			isa = PBXVariantGroup;
			children = (
				5048A2422722EBC2005B346D /* Base */,
			);
			name = Main.storyboard;
			sourceTree = "<group>";
		};
		5048A2462722EBC9005B346D /* LaunchScreen.storyboard */ = {
			isa = PBXVariantGroup;
			children = (
				5048A2472722EBC9005B346D /* Base */,
			);
			name = LaunchScreen.storyboard;
			sourceTree = "<group>";
		};
/* End PBXVariantGroup section */

/* Begin XCBuildConfiguration section */
		5048A24A2722EBC9005B346D /* Debug */ = {
			isa = XCBuildConfiguration;
			buildSettings = {
				ALWAYS_SEARCH_USER_PATHS = NO;
				CLANG_ANALYZER_NONNULL = YES;
				CLANG_ANALYZER_NUMBER_OBJECT_CONVERSION = YES_AGGRESSIVE;
				CLANG_CXX_LANGUAGE_STANDARD = "gnu++14";
				CLANG_CXX_LIBRARY = "libc++";
				CLANG_ENABLE_MODULES = YES;
				CLANG_ENABLE_OBJC_ARC = YES;
				CLANG_ENABLE_OBJC_WEAK = YES;
				CLANG_WARN_BLOCK_CAPTURE_AUTORELEASING = YES;
				CLANG_WARN_BOOL_CONVERSION = YES;
				CLANG_WARN_COMMA = YES;
				CLANG_WARN_CONSTANT_CONVERSION = YES;
				CLANG_WARN_DEPRECATED_OBJC_IMPLEMENTATIONS = YES;
				CLANG_WARN_DIRECT_OBJC_ISA_USAGE = YES_ERROR;
				CLANG_WARN_DOCUMENTATION_COMMENTS = YES;
				CLANG_WARN_EMPTY_BODY = YES;
				CLANG_WARN_ENUM_CONVERSION = YES;
				CLANG_WARN_INFINITE_RECURSION = YES;
				CLANG_WARN_INT_CONVERSION = YES;
				CLANG_WARN_NON_LITERAL_NULL_CONVERSION = YES;
				CLANG_WARN_OBJC_IMPLICIT_RETAIN_SELF = YES;
				CLANG_WARN_OBJC_LITERAL_CONVERSION = YES;
				CLANG_WARN_OBJC_ROOT_CLASS = YES_ERROR;
				CLANG_WARN_QUOTED_INCLUDE_IN_FRAMEWORK_HEADER = YES;
				CLANG_WARN_RANGE_LOOP_ANALYSIS = YES;
				CLANG_WARN_STRICT_PROTOTYPES = YES;
				CLANG_WARN_SUSPICIOUS_MOVE = YES;
				CLANG_WARN_UNGUARDED_AVAILABILITY = YES_AGGRESSIVE;
				CLANG_WARN_UNREACHABLE_CODE = YES;
				CLANG_WARN__DUPLICATE_METHOD_MATCH = YES;
				COPY_PHASE_STRIP = NO;
				DEBUG_INFORMATION_FORMAT = dwarf;
				ENABLE_STRICT_OBJC_MSGSEND = YES;
				ENABLE_TESTABILITY = YES;
				GCC_C_LANGUAGE_STANDARD = gnu11;
				GCC_DYNAMIC_NO_PIC = NO;
				GCC_NO_COMMON_BLOCKS = YES;
				GCC_OPTIMIZATION_LEVEL = 0;
				GCC_PREPROCESSOR_DEFINITIONS = (
					"DEBUG=1",
					"$(inherited)",
				);
				GCC_WARN_64_TO_32_BIT_CONVERSION = YES;
				GCC_WARN_ABOUT_RETURN_TYPE = YES_ERROR;
				GCC_WARN_UNDECLARED_SELECTOR = YES;
				GCC_WARN_UNINITIALIZED_AUTOS = YES_AGGRESSIVE;
				GCC_WARN_UNUSED_FUNCTION = YES;
				GCC_WARN_UNUSED_VARIABLE = YES;
				IPHONEOS_DEPLOYMENT_TARGET = 14.5;
				MTL_ENABLE_DEBUG_INFO = INCLUDE_SOURCE;
				MTL_FAST_MATH = YES;
				ONLY_ACTIVE_ARCH = YES;
				SDKROOT = iphoneos;
				SWIFT_ACTIVE_COMPILATION_CONDITIONS = DEBUG;
				SWIFT_OPTIMIZATION_LEVEL = "-Onone";
			};
			name = Debug;
		};
		5048A24B2722EBC9005B346D /* Release */ = {
			isa = XCBuildConfiguration;
			buildSettings = {
				ALWAYS_SEARCH_USER_PATHS = NO;
				CLANG_ANALYZER_NONNULL = YES;
				CLANG_ANALYZER_NUMBER_OBJECT_CONVERSION = YES_AGGRESSIVE;
				CLANG_CXX_LANGUAGE_STANDARD = "gnu++14";
				CLANG_CXX_LIBRARY = "libc++";
				CLANG_ENABLE_MODULES = YES;
				CLANG_ENABLE_OBJC_ARC = YES;
				CLANG_ENABLE_OBJC_WEAK = YES;
				CLANG_WARN_BLOCK_CAPTURE_AUTORELEASING = YES;
				CLANG_WARN_BOOL_CONVERSION = YES;
				CLANG_WARN_COMMA = YES;
				CLANG_WARN_CONSTANT_CONVERSION = YES;
				CLANG_WARN_DEPRECATED_OBJC_IMPLEMENTATIONS = YES;
				CLANG_WARN_DIRECT_OBJC_ISA_USAGE = YES_ERROR;
				CLANG_WARN_DOCUMENTATION_COMMENTS = YES;
				CLANG_WARN_EMPTY_BODY = YES;
				CLANG_WARN_ENUM_CONVERSION = YES;
				CLANG_WARN_INFINITE_RECURSION = YES;
				CLANG_WARN_INT_CONVERSION = YES;
				CLANG_WARN_NON_LITERAL_NULL_CONVERSION = YES;
				CLANG_WARN_OBJC_IMPLICIT_RETAIN_SELF = YES;
				CLANG_WARN_OBJC_LITERAL_CONVERSION = YES;
				CLANG_WARN_OBJC_ROOT_CLASS = YES_ERROR;
				CLANG_WARN_QUOTED_INCLUDE_IN_FRAMEWORK_HEADER = YES;
				CLANG_WARN_RANGE_LOOP_ANALYSIS = YES;
				CLANG_WARN_STRICT_PROTOTYPES = YES;
				CLANG_WARN_SUSPICIOUS_MOVE = YES;
				CLANG_WARN_UNGUARDED_AVAILABILITY = YES_AGGRESSIVE;
				CLANG_WARN_UNREACHABLE_CODE = YES;
				CLANG_WARN__DUPLICATE_METHOD_MATCH = YES;
				COPY_PHASE_STRIP = NO;
				DEBUG_INFORMATION_FORMAT = "dwarf-with-dsym";
				ENABLE_NS_ASSERTIONS = NO;
				ENABLE_STRICT_OBJC_MSGSEND = YES;
				GCC_C_LANGUAGE_STANDARD = gnu11;
				GCC_NO_COMMON_BLOCKS = YES;
				GCC_WARN_64_TO_32_BIT_CONVERSION = YES;
				GCC_WARN_ABOUT_RETURN_TYPE = YES_ERROR;
				GCC_WARN_UNDECLARED_SELECTOR = YES;
				GCC_WARN_UNINITIALIZED_AUTOS = YES_AGGRESSIVE;
				GCC_WARN_UNUSED_FUNCTION = YES;
				GCC_WARN_UNUSED_VARIABLE = YES;
				IPHONEOS_DEPLOYMENT_TARGET = 14.5;
				MTL_ENABLE_DEBUG_INFO = NO;
				MTL_FAST_MATH = YES;
				SDKROOT = iphoneos;
				SWIFT_COMPILATION_MODE = wholemodule;
				SWIFT_OPTIMIZATION_LEVEL = "-O";
				VALIDATE_PRODUCT = YES;
			};
			name = Release;
		};
		5048A24D2722EBC9005B346D /* Debug */ = {
			isa = XCBuildConfiguration;
			baseConfigurationReference = 1F3EA951E17356923A68B4A8 /* Pods-KeyChainTestTask.debug.xcconfig */;
			buildSettings = {
				ASSETCATALOG_COMPILER_APPICON_NAME = AppIcon;
				ASSETCATALOG_COMPILER_GLOBAL_ACCENT_COLOR_NAME = AccentColor;
				CODE_SIGN_STYLE = Automatic;
				INFOPLIST_FILE = KeyChainTestTask/Resources/Info.plist;
				LD_RUNPATH_SEARCH_PATHS = (
					"$(inherited)",
					"@executable_path/Frameworks",
				);
				MARKETING_VERSION = 1.0.0;
				PRODUCT_BUNDLE_IDENTIFIER = "com.max-dev.KeyChainTestTask";
				PRODUCT_NAME = "$(TARGET_NAME)";
				SWIFT_VERSION = 5.0;
				TARGETED_DEVICE_FAMILY = "1,2";
			};
			name = Debug;
		};
		5048A24E2722EBC9005B346D /* Release */ = {
			isa = XCBuildConfiguration;
			baseConfigurationReference = F2DC11BBFFEC79E6217ADC45 /* Pods-KeyChainTestTask.release.xcconfig */;
			buildSettings = {
				ASSETCATALOG_COMPILER_APPICON_NAME = AppIcon;
				ASSETCATALOG_COMPILER_GLOBAL_ACCENT_COLOR_NAME = AccentColor;
				CODE_SIGN_STYLE = Automatic;
				INFOPLIST_FILE = KeyChainTestTask/Resources/Info.plist;
				LD_RUNPATH_SEARCH_PATHS = (
					"$(inherited)",
					"@executable_path/Frameworks",
				);
				MARKETING_VERSION = 1.0.0;
				PRODUCT_BUNDLE_IDENTIFIER = "com.max-dev.KeyChainTestTask";
				PRODUCT_NAME = "$(TARGET_NAME)";
				SWIFT_VERSION = 5.0;
				TARGETED_DEVICE_FAMILY = "1,2";
			};
			name = Release;
		};
/* End XCBuildConfiguration section */

/* Begin XCConfigurationList section */
		5048A2332722EBC2005B346D /* Build configuration list for PBXProject "KeyChainTestTask" */ = {
			isa = XCConfigurationList;
			buildConfigurations = (
				5048A24A2722EBC9005B346D /* Debug */,
				5048A24B2722EBC9005B346D /* Release */,
			);
			defaultConfigurationIsVisible = 0;
			defaultConfigurationName = Release;
		};
		5048A24C2722EBC9005B346D /* Build configuration list for PBXNativeTarget "KeyChainTestTask" */ = {
			isa = XCConfigurationList;
			buildConfigurations = (
				5048A24D2722EBC9005B346D /* Debug */,
				5048A24E2722EBC9005B346D /* Release */,
			);
			defaultConfigurationIsVisible = 0;
			defaultConfigurationName = Release;
		};
/* End XCConfigurationList section */
	};
	rootObject = 5048A2302722EBC2005B346D /* Project object */;
}
